
Microsoft Visual Studio Solution File, Format Version 12.00
# Visual Studio 2012
Project("{FAE04EC0-301F-11D3-BF4B-00C04F79EFBC}") = "J_Tools_For_Rehoo", "J_Tools_For_Rehoo\J_Tools_For_Rehoo.csproj", "{0FB1F58E-B784-40F3-924C-47580C93E4E8}"
EndProject
Global
	GlobalSection(SolutionConfigurationPlatforms) = preSolution
		Debug|Any CPU = Debug|Any CPU
		Release|Any CPU = Release|Any CPU
	EndGlobalSection
	GlobalSection(ProjectConfigurationPlatforms) = postSolution
		{0FB1F58E-B784-40F3-924C-47580C93E4E8}.Debug|Any CPU.ActiveCfg = Debug|Any CPU
		{0FB1F58E-B784-40F3-924C-47580C93E4E8}.Debug|Any CPU.Build.0 = Debug|Any CPU
		{0FB1F58E-B784-40F3-924C-47580C93E4E8}.Release|Any CPU.ActiveCfg = Release|Any CPU
		{0FB1F58E-B784-40F3-924C-47580C93E4E8}.Release|Any CPU.Build.0 = Release|Any CPU
	EndGlobalSection
	GlobalSection(SolutionProperties) = preSolution
		HideSolutionNode = FALSE
	EndGlobalSection
EndGlobal
